
Microsoft Visual Studio Solution File, Format Version 12.00
# Visual Studio 15
Project("{FAE04EC0-301F-11D3-BF4B-00C04F79EFBC}") = "Mirror", "Mirror.csproj", "{1F727C4C-373F-014C-AE76-3EBAC7231A8C}"
EndProject
Project("{FAE04EC0-301F-11D3-BF4B-00C04F79EFBC}") = "Mirror.Components", "Mirror.Components.csproj", "{670660D8-CE79-2A68-8E32-C68576462661}"
EndProject
Project("{FAE04EC0-301F-11D3-BF4B-00C04F79EFBC}") = "Assembly-CSharp", "Assembly-CSharp.csproj", "{D973CBAE-AF5C-67C8-9EC3-328FB0F61F9B}"
EndProject
Project("{FAE04EC0-301F-11D3-BF4B-00C04F79EFBC}") = "Ninja.WebSockets", "Ninja.WebSockets.csproj", "{8E4422F1-1319-C23D-73C9-C5A1CDFC10AE}"
EndProject
Project("{FAE04EC0-301F-11D3-BF4B-00C04F79EFBC}") = "Mirror.Examples", "Mirror.Examples.csproj", "{72D51589-FD24-3C6F-ACA2-F3F5405C89C0}"
EndProject
Project("{FAE04EC0-301F-11D3-BF4B-00C04F79EFBC}") = "Mirror.Authenticators", "Mirror.Authenticators.csproj", "{1A84A970-AB9F-7803-0280-BF2E4BDA0C38}"
EndProject
Project("{FAE04EC0-301F-11D3-BF4B-00C04F79EFBC}") = "NavMeshComponents", "NavMeshComponents.csproj", "{A8624C22-EB92-D7D0-2757-BCD3FDC3CE59}"
EndProject
Project("{FAE04EC0-301F-11D3-BF4B-00C04F79EFBC}") = "Mirror.Weaver", "Mirror.Weaver.csproj", "{BE7B4399-0094-60E1-8142-EF7FA049DCB0}"
EndProject
Project("{FAE04EC0-301F-11D3-BF4B-00C04F79EFBC}") = "Mirror.Editor", "Mirror.Editor.csproj", "{6C8CAC7D-136F-CBE2-BEEC-6AA6F54CE3DB}"
EndProject
Project("{FAE04EC0-301F-11D3-BF4B-00C04F79EFBC}") = "Mirror.CompilerSymbols", "Mirror.CompilerSymbols.csproj", "{4F3BE4DD-4CBD-B8E5-3497-F71D1EBA5795}"
EndProject
Project("{FAE04EC0-301F-11D3-BF4B-00C04F79EFBC}") = "NavMeshComponentsEditor", "NavMeshComponentsEditor.csproj", "{99B76175-6451-06A0-02E2-97C99DFA0AFA}"
EndProject
Global
	GlobalSection(SolutionConfigurationPlatforms) = preSolution
		Debug|Any CPU = Debug|Any CPU
		Release|Any CPU = Release|Any CPU
	EndGlobalSection
	GlobalSection(ProjectConfigurationPlatforms) = postSolution
		{1F727C4C-373F-014C-AE76-3EBAC7231A8C}.Debug|Any CPU.ActiveCfg = Debug|Any CPU
		{1F727C4C-373F-014C-AE76-3EBAC7231A8C}.Debug|Any CPU.Build.0 = Debug|Any CPU
		{1F727C4C-373F-014C-AE76-3EBAC7231A8C}.Release|Any CPU.ActiveCfg = Release|Any CPU
		{1F727C4C-373F-014C-AE76-3EBAC7231A8C}.Release|Any CPU.Build.0 = Release|Any CPU
		{670660D8-CE79-2A68-8E32-C68576462661}.Debug|Any CPU.ActiveCfg = Debug|Any CPU
		{670660D8-CE79-2A68-8E32-C68576462661}.Debug|Any CPU.Build.0 = Debug|Any CPU
		{670660D8-CE79-2A68-8E32-C68576462661}.Release|Any CPU.ActiveCfg = Release|Any CPU
		{670660D8-CE79-2A68-8E32-C68576462661}.Release|Any CPU.Build.0 = Release|Any CPU
		{D973CBAE-AF5C-67C8-9EC3-328FB0F61F9B}.Debug|Any CPU.ActiveCfg = Debug|Any CPU
		{D973CBAE-AF5C-67C8-9EC3-328FB0F61F9B}.Debug|Any CPU.Build.0 = Debug|Any CPU
		{D973CBAE-AF5C-67C8-9EC3-328FB0F61F9B}.Release|Any CPU.ActiveCfg = Release|Any CPU
		{D973CBAE-AF5C-67C8-9EC3-328FB0F61F9B}.Release|Any CPU.Build.0 = Release|Any CPU
		{8E4422F1-1319-C23D-73C9-C5A1CDFC10AE}.Debug|Any CPU.ActiveCfg = Debug|Any CPU
		{8E4422F1-1319-C23D-73C9-C5A1CDFC10AE}.Debug|Any CPU.Build.0 = Debug|Any CPU
		{8E4422F1-1319-C23D-73C9-C5A1CDFC10AE}.Release|Any CPU.ActiveCfg = Release|Any CPU
		{8E4422F1-1319-C23D-73C9-C5A1CDFC10AE}.Release|Any CPU.Build.0 = Release|Any CPU
		{72D51589-FD24-3C6F-ACA2-F3F5405C89C0}.Debug|Any CPU.ActiveCfg = Debug|Any CPU
		{72D51589-FD24-3C6F-ACA2-F3F5405C89C0}.Debug|Any CPU.Build.0 = Debug|Any CPU
		{72D51589-FD24-3C6F-ACA2-F3F5405C89C0}.Release|Any CPU.ActiveCfg = Release|Any CPU
		{72D51589-FD24-3C6F-ACA2-F3F5405C89C0}.Release|Any CPU.Build.0 = Release|Any CPU
		{1A84A970-AB9F-7803-0280-BF2E4BDA0C38}.Debug|Any CPU.ActiveCfg = Debug|Any CPU
		{1A84A970-AB9F-7803-0280-BF2E4BDA0C38}.Debug|Any CPU.Build.0 = Debug|Any CPU
		{1A84A970-AB9F-7803-0280-BF2E4BDA0C38}.Release|Any CPU.ActiveCfg = Release|Any CPU
		{1A84A970-AB9F-7803-0280-BF2E4BDA0C38}.Release|Any CPU.Build.0 = Release|Any CPU
		{A8624C22-EB92-D7D0-2757-BCD3FDC3CE59}.Debug|Any CPU.ActiveCfg = Debug|Any CPU
		{A8624C22-EB92-D7D0-2757-BCD3FDC3CE59}.Debug|Any CPU.Build.0 = Debug|Any CPU
		{A8624C22-EB92-D7D0-2757-BCD3FDC3CE59}.Release|Any CPU.ActiveCfg = Release|Any CPU
		{A8624C22-EB92-D7D0-2757-BCD3FDC3CE59}.Release|Any CPU.Build.0 = Release|Any CPU
		{BE7B4399-0094-60E1-8142-EF7FA049DCB0}.Debug|Any CPU.ActiveCfg = Debug|Any CPU
		{BE7B4399-0094-60E1-8142-EF7FA049DCB0}.Debug|Any CPU.Build.0 = Debug|Any CPU
		{BE7B4399-0094-60E1-8142-EF7FA049DCB0}.Release|Any CPU.ActiveCfg = Release|Any CPU
		{BE7B4399-0094-60E1-8142-EF7FA049DCB0}.Release|Any CPU.Build.0 = Release|Any CPU
		{6C8CAC7D-136F-CBE2-BEEC-6AA6F54CE3DB}.Debug|Any CPU.ActiveCfg = Debug|Any CPU
		{6C8CAC7D-136F-CBE2-BEEC-6AA6F54CE3DB}.Debug|Any CPU.Build.0 = Debug|Any CPU
		{6C8CAC7D-136F-CBE2-BEEC-6AA6F54CE3DB}.Release|Any CPU.ActiveCfg = Release|Any CPU
		{6C8CAC7D-136F-CBE2-BEEC-6AA6F54CE3DB}.Release|Any CPU.Build.0 = Release|Any CPU
		{4F3BE4DD-4CBD-B8E5-3497-F71D1EBA5795}.Debug|Any CPU.ActiveCfg = Debug|Any CPU
		{4F3BE4DD-4CBD-B8E5-3497-F71D1EBA5795}.Debug|Any CPU.Build.0 = Debug|Any CPU
		{4F3BE4DD-4CBD-B8E5-3497-F71D1EBA5795}.Release|Any CPU.ActiveCfg = Release|Any CPU
		{4F3BE4DD-4CBD-B8E5-3497-F71D1EBA5795}.Release|Any CPU.Build.0 = Release|Any CPU
		{99B76175-6451-06A0-02E2-97C99DFA0AFA}.Debug|Any CPU.ActiveCfg = Debug|Any CPU
		{99B76175-6451-06A0-02E2-97C99DFA0AFA}.Debug|Any CPU.Build.0 = Debug|Any CPU
		{99B76175-6451-06A0-02E2-97C99DFA0AFA}.Release|Any CPU.ActiveCfg = Release|Any CPU
		{99B76175-6451-06A0-02E2-97C99DFA0AFA}.Release|Any CPU.Build.0 = Release|Any CPU
	EndGlobalSection
	GlobalSection(SolutionProperties) = preSolution
		HideSolutionNode = FALSE
	EndGlobalSection
EndGlobal
