
Microsoft Visual Studio Solution File, Format Version 11.00
# Visual Studio 2010
Project("{FAE04EC0-301F-11D3-BF4B-00C04F79EFBC}") = "NavMeshComponents", "NavMeshComponents.csproj", "{A8624C22-EB92-D7D0-2757-BCD3FDC3CE59}"
EndProject
Project("{FAE04EC0-301F-11D3-BF4B-00C04F79EFBC}") = "Assembly-CSharp", "Assembly-CSharp.csproj", "{D973CBAE-AF5C-67C8-9EC3-328FB0F61F9B}"
EndProject
Project("{FAE04EC0-301F-11D3-BF4B-00C04F79EFBC}") = "NavMeshComponentsEditor", "NavMeshComponentsEditor.csproj", "{99B76175-6451-06A0-02E2-97C99DFA0AFA}"
EndProject
Global
	GlobalSection(SolutionConfigurationPlatforms) = preSolution
		Debug|Any CPU = Debug|Any CPU
		Release|Any CPU = Release|Any CPU
	EndGlobalSection
	GlobalSection(ProjectConfigurationPlatforms) = postSolution
		{A8624C22-EB92-D7D0-2757-BCD3FDC3CE59}.Debug|Any CPU.ActiveCfg = Debug|Any CPU
		{A8624C22-EB92-D7D0-2757-BCD3FDC3CE59}.Debug|Any CPU.Build.0 = Debug|Any CPU
		{A8624C22-EB92-D7D0-2757-BCD3FDC3CE59}.Release|Any CPU.ActiveCfg = Release|Any CPU
		{A8624C22-EB92-D7D0-2757-BCD3FDC3CE59}.Release|Any CPU.Build.0 = Release|Any CPU
		{D973CBAE-AF5C-67C8-9EC3-328FB0F61F9B}.Debug|Any CPU.ActiveCfg = Debug|Any CPU
		{D973CBAE-AF5C-67C8-9EC3-328FB0F61F9B}.Debug|Any CPU.Build.0 = Debug|Any CPU
		{D973CBAE-AF5C-67C8-9EC3-328FB0F61F9B}.Release|Any CPU.ActiveCfg = Release|Any CPU
		{D973CBAE-AF5C-67C8-9EC3-328FB0F61F9B}.Release|Any CPU.Build.0 = Release|Any CPU
		{99B76175-6451-06A0-02E2-97C99DFA0AFA}.Debug|Any CPU.ActiveCfg = Debug|Any CPU
		{99B76175-6451-06A0-02E2-97C99DFA0AFA}.Debug|Any CPU.Build.0 = Debug|Any CPU
		{99B76175-6451-06A0-02E2-97C99DFA0AFA}.Release|Any CPU.ActiveCfg = Release|Any CPU
		{99B76175-6451-06A0-02E2-97C99DFA0AFA}.Release|Any CPU.Build.0 = Release|Any CPU
	EndGlobalSection
	GlobalSection(SolutionProperties) = preSolution
		HideSolutionNode = FALSE
	EndGlobalSection
EndGlobal
